
Microsoft Visual Studio Solution File, Format Version 12.00
# Visual Studio Version 16
VisualStudioVersion = 16.0.28803.156
MinimumVisualStudioVersion = 10.0.40219.1
Project("{8BC9CEB8-8B4A-11D0-8D11-00A0C91BC942}") = "Q1463", "Q1463\Q1463.vcxproj", "{8678919D-3FC5-451F-8478-689A78204EBB}"
EndProject
Global
	GlobalSection(SolutionConfigurationPlatforms) = preSolution
		Debug|x64 = Debug|x64
		Debug|x86 = Debug|x86
		Release|x64 = Release|x64
		Release|x86 = Release|x86
	EndGlobalSection
	GlobalSection(ProjectConfigurationPlatforms) = postSolution
		{8678919D-3FC5-451F-8478-689A78204EBB}.Debug|x64.ActiveCfg = Debug|x64
		{8678919D-3FC5-451F-8478-689A78204EBB}.Debug|x64.Build.0 = Debug|x64
		{8678919D-3FC5-451F-8478-689A78204EBB}.Debug|x86.ActiveCfg = Debug|Win32
		{8678919D-3FC5-451F-8478-689A78204EBB}.Debug|x86.Build.0 = Debug|Win32
		{8678919D-3FC5-451F-8478-689A78204EBB}.Release|x64.ActiveCfg = Release|x64
		{8678919D-3FC5-451F-8478-689A78204EBB}.Release|x64.Build.0 = Release|x64
		{8678919D-3FC5-451F-8478-689A78204EBB}.Release|x86.ActiveCfg = Release|Win32
		{8678919D-3FC5-451F-8478-689A78204EBB}.Release|x86.Build.0 = Release|Win32
	EndGlobalSection
	GlobalSection(SolutionProperties) = preSolution
		HideSolutionNode = FALSE
	EndGlobalSection
	GlobalSection(ExtensibilityGlobals) = postSolution
		SolutionGuid = {BF40C064-5D3C-40DE-86F2-196F5630E434}
	EndGlobalSection
EndGlobal
